PODS:
  - FBSDKCoreKit (5.13.0):
    - FBSDKCoreKit/Basics (= 5.13.0)
    - FBSDKCoreKit/Core (= 5.13.0)
  - FBSDKCoreKit/Basics (5.13.0)
  - FBSDKCoreKit/Core (5.13.0):
    - FBSDKCoreKit/Basics
  - FBSDKShareKit (5.13.1):
    - FBSDKShareKit/Share (= 5.13.1)
  - FBSDKShareKit/Share (5.13.1):
    - FBSDKCoreKit (~> 5.0)
  - Flutter (1.0.0)
  - vi_share (0.0.1):
    - FBSDKCoreKit
    - FBSDKShareKit
    - Flutter

DEPENDENCIES:
  - Flutter (from `.symlinks/flutter/ios`)
  - vi_share (from `.symlinks/plugins/vi_share/ios`)

SPEC REPOS:
  trunk:
    - FBSDKCoreKit
    - FBSDKShareKit

EXTERNAL SOURCES:
  Flutter:
    :path: ".symlinks/flutter/ios"
  vi_share:
    :path: ".symlinks/plugins/vi_share/ios"

SPEC CHECKSUMS:
  FBSDKCoreKit: b1645dba3dfdba6102f2d4026fdbfca8114dc229
  FBSDKShareKit: 8a0e4d7172c7b706991c834cff2bf74e7b4726e3
  Flutter: 0e3d915762c693b495b44d77113d4970485de6ec
  vi_share: dfe4e6fc08a9fedd0ae6c71a926bdb47fa94774e

PODFILE CHECKSUM: b6a0a141693093b304368d08511b46cf3d1d0ac5

COCOAPODS: 1.9.0.beta.1
